{
  "name": "blockly",
  "version": "1.0.0",
  "lockfileVersion": 1,
  "requires": true,
  "dependencies": {
    "google-closure-compiler-windows": {
      "version": "20201102.0.1",
      "resolved": "https://registry.npmjs.org/google-closure-compiler-windows/-/google-closure-compiler-windows-20201102.0.1.tgz",
      "integrity": "sha512-LlynipQi/iP76mjkOu6Rc1mCRuxTAhRvLjq10aGfVjKwpbCAF0Jq2a5k2ygr4xYiINNi2/L2qUw6ObPm9wQCOw=="
    }
  }
}
